
Microsoft Visual Studio Solution File, Format Version 12.00
# Visual Studio Version 17
VisualStudioVersion = 17.8.34316.72
MinimumVisualStudioVersion = 10.0.40219.1
Project("{9A19103F-16F7-4668-BE54-9A1E7A4F7556}") = "GenericsDelegatesEventsLinq", "GenericsDelegatesEventsLinq.csproj", "{23A462F3-402A-4736-960D-9A7339B15625}"
EndProject
Global
	GlobalSection(SolutionConfigurationPlatforms) = preSolution
		Debug|Any CPU = Debug|Any CPU
		Debug|ARM32 = Debug|ARM32
		Debug|x86 = Debug|x86
		Release|Any CPU = Release|Any CPU
		Release|ARM32 = Release|ARM32
		Release|x86 = Release|x86
	EndGlobalSection
	GlobalSection(ProjectConfigurationPlatforms) = postSolution
		{23A462F3-402A-4736-960D-9A7339B15625}.Debug|Any CPU.ActiveCfg = Debug|Any CPU
		{23A462F3-402A-4736-960D-9A7339B15625}.Debug|Any CPU.Build.0 = Debug|Any CPU
		{23A462F3-402A-4736-960D-9A7339B15625}.Debug|ARM32.ActiveCfg = Debug|ARM32
		{23A462F3-402A-4736-960D-9A7339B15625}.Debug|ARM32.Build.0 = Debug|ARM32
		{23A462F3-402A-4736-960D-9A7339B15625}.Debug|x86.ActiveCfg = Debug|x86
		{23A462F3-402A-4736-960D-9A7339B15625}.Debug|x86.Build.0 = Debug|x86
		{23A462F3-402A-4736-960D-9A7339B15625}.Release|Any CPU.ActiveCfg = Release|Any CPU
		{23A462F3-402A-4736-960D-9A7339B15625}.Release|Any CPU.Build.0 = Release|Any CPU
		{23A462F3-402A-4736-960D-9A7339B15625}.Release|ARM32.ActiveCfg = Release|ARM32
		{23A462F3-402A-4736-960D-9A7339B15625}.Release|ARM32.Build.0 = Release|ARM32
		{23A462F3-402A-4736-960D-9A7339B15625}.Release|x86.ActiveCfg = Release|x86
		{23A462F3-402A-4736-960D-9A7339B15625}.Release|x86.Build.0 = Release|x86
	EndGlobalSection
	GlobalSection(SolutionProperties) = preSolution
		HideSolutionNode = FALSE
	EndGlobalSection
	GlobalSection(ExtensibilityGlobals) = postSolution
		SolutionGuid = {6FB0B01C-D08E-452C-B11D-A39E7C6F33DB}
	EndGlobalSection
EndGlobal
